
Microsoft Visual Studio Solution File, Format Version 12.00
# Visual Studio Version 17
VisualStudioVersion = 17.9.34622.214
MinimumVisualStudioVersion = 10.0.40219.1
Project("{9A19103F-16F7-4668-BE54-9A1E7A4F7556}") = "UDPClientServer", "UDPClientServer\UDPClientServer.csproj", "{8B05F25C-D1B5-4F07-B6D8-BD5B0E8A1792}"
EndProject
Project("{FAE04EC0-301F-11D3-BF4B-00C04F79EFBC}") = "NatLib", "NatLib\NatLib.csproj", "{B1E066E3-0B6F-4F98-8559-B2AFF9A6AB9A}"
EndProject
Global
	GlobalSection(SolutionConfigurationPlatforms) = preSolution
		Debug|Any CPU = Debug|Any CPU
		Release|Any CPU = Release|Any CPU
	EndGlobalSection
	GlobalSection(ProjectConfigurationPlatforms) = postSolution
		{8B05F25C-D1B5-4F07-B6D8-BD5B0E8A1792}.Debug|Any CPU.ActiveCfg = Debug|Any CPU
		{8B05F25C-D1B5-4F07-B6D8-BD5B0E8A1792}.Debug|Any CPU.Build.0 = Debug|Any CPU
		{8B05F25C-D1B5-4F07-B6D8-BD5B0E8A1792}.Release|Any CPU.ActiveCfg = Release|Any CPU
		{8B05F25C-D1B5-4F07-B6D8-BD5B0E8A1792}.Release|Any CPU.Build.0 = Release|Any CPU
		{B1E066E3-0B6F-4F98-8559-B2AFF9A6AB9A}.Debug|Any CPU.ActiveCfg = Debug|Any CPU
		{B1E066E3-0B6F-4F98-8559-B2AFF9A6AB9A}.Debug|Any CPU.Build.0 = Debug|Any CPU
		{B1E066E3-0B6F-4F98-8559-B2AFF9A6AB9A}.Release|Any CPU.ActiveCfg = Release|Any CPU
		{B1E066E3-0B6F-4F98-8559-B2AFF9A6AB9A}.Release|Any CPU.Build.0 = Release|Any CPU
	EndGlobalSection
	GlobalSection(SolutionProperties) = preSolution
		HideSolutionNode = FALSE
	EndGlobalSection
	GlobalSection(ExtensibilityGlobals) = postSolution
		SolutionGuid = {25D0F125-A6F6-4788-87EC-1BBBF72E1EE6}
	EndGlobalSection
EndGlobal
